
Microsoft Visual Studio Solution File, Format Version 12.00
# Visual Studio Version 17
VisualStudioVersion = 17.9.34728.123
MinimumVisualStudioVersion = 10.0.40219.1
Project("{FAE04EC0-301F-11D3-BF4B-00C04F79EFBC}") = "PotterKata", "PotterKata\PotterKata.csproj", "{22C7EAB7-2F29-40BD-B913-0BA67B70126C}"
EndProject
Project("{FAE04EC0-301F-11D3-BF4B-00C04F79EFBC}") = "PotterTest", "PotterTest\PotterTest.csproj", "{197FDD95-7CBB-496D-910A-EBBEED5B1020}"
EndProject
Global
	GlobalSection(SolutionConfigurationPlatforms) = preSolution
		Debug|Any CPU = Debug|Any CPU
		Release|Any CPU = Release|Any CPU
	EndGlobalSection
	GlobalSection(ProjectConfigurationPlatforms) = postSolution
		{22C7EAB7-2F29-40BD-B913-0BA67B70126C}.Debug|Any CPU.ActiveCfg = Debug|Any CPU
		{22C7EAB7-2F29-40BD-B913-0BA67B70126C}.Debug|Any CPU.Build.0 = Debug|Any CPU
		{22C7EAB7-2F29-40BD-B913-0BA67B70126C}.Release|Any CPU.ActiveCfg = Release|Any CPU
		{22C7EAB7-2F29-40BD-B913-0BA67B70126C}.Release|Any CPU.Build.0 = Release|Any CPU
		{197FDD95-7CBB-496D-910A-EBBEED5B1020}.Debug|Any CPU.ActiveCfg = Debug|Any CPU
		{197FDD95-7CBB-496D-910A-EBBEED5B1020}.Debug|Any CPU.Build.0 = Debug|Any CPU
		{197FDD95-7CBB-496D-910A-EBBEED5B1020}.Release|Any CPU.ActiveCfg = Release|Any CPU
		{197FDD95-7CBB-496D-910A-EBBEED5B1020}.Release|Any CPU.Build.0 = Release|Any CPU
	EndGlobalSection
	GlobalSection(SolutionProperties) = preSolution
		HideSolutionNode = FALSE
	EndGlobalSection
	GlobalSection(ExtensibilityGlobals) = postSolution
		SolutionGuid = {561FC608-0FCA-4BAE-B816-9D140FEA03D1}
	EndGlobalSection
EndGlobal
